{
	"name": "my-app",
	"version": "0.0.1",
	"lockfileVersion": 3,
	"requires": true,
	"packages": {
		"": {
			"name": "my-app",
			"version": "0.0.1",
			"dependencies": {
				"chart.js": "^4.4.0",
				"d3": "^7.8.5",
				"d3-dsv": "^3.0.1",
				"save-dev": "^0.0.1-security",
				"simple-statistics": "^7.8.3"
			},
			"devDependencies": {
				"@sveltejs/adapter-auto": "^2.0.0",
				"@sveltejs/adapter-static": "^1.0.0-next.50",
				"@sveltejs/kit": "^1.5.0",
				"@types/d3": "^7.4.2",
				"svelte": "^3.54.0",
				"svelte-check": "^3.0.1",
				"tslib": "^2.4.1",
				"typescript": "^5.0.0",
				"vite": "^4.3.0"
			}
		},
		"node_modules/@esbuild/win32-x64": {
			"version": "0.17.19",
			"cpu": [
				"x64"
			],
			"dev": true,
			"license": "MIT",
			"optional": true,
			"os": [
				"win32"
			],
			"engines": {
				"node": ">=12"
			}
		},
		"node_modules/@fastify/busboy": {
			"version": "2.0.0",
			"resolved": "https://registry.npmjs.org/@fastify/busboy/-/busboy-2.0.0.tgz",
			"integrity": "sha512-JUFJad5lv7jxj926GPgymrWQxxjPYuJNiNjNMzqT+HiuP6Vl3dk5xzG+8sTX96np0ZAluvaMzPsjhHZ5rNuNQQ==",
			"dev": true,
			"engines": {
				"node": ">=14"
			}
		},
		"node_modules/@jridgewell/resolve-uri": {
			"version": "3.1.0",
			"dev": true,
			"license": "MIT",
			"engines": {
				"node": ">=6.0.0"
			}
		},
		"node_modules/@jridgewell/sourcemap-codec": {
			"version": "1.4.15",
			"dev": true,
			"license": "MIT"
		},
		"node_modules/@jridgewell/trace-mapping": {
			"version": "0.3.18",
			"dev": true,
			"license": "MIT",
			"dependencies": {
				"@jridgewell/resolve-uri": "3.1.0",
				"@jridgewell/sourcemap-codec": "1.4.14"
			}
		},
		"node_modules/@jridgewell/trace-mapping/node_modules/@jridgewell/sourcemap-codec": {
			"version": "1.4.14",
			"dev": true,
			"license": "MIT"
		},
		"node_modules/@kurkle/color": {
			"version": "0.3.2",
			"resolved": "https://registry.npmjs.org/@kurkle/color/-/color-0.3.2.tgz",
			"integrity": "sha512-fuscdXJ9G1qb7W8VdHi+IwRqij3lBkosAm4ydQtEmbY58OzHXqQhvlxqEkoz0yssNVn38bcpRWgA9PP+OGoisw=="
		},
		"node_modules/@nodelib/fs.scandir": {
			"version": "2.1.5",
			"dev": true,
			"license": "MIT",
			"dependencies": {
				"@nodelib/fs.stat": "2.0.5",
				"run-parallel": "^1.1.9"
			},
			"engines": {
				"node": ">= 8"
			}
		},
		"node_modules/@nodelib/fs.stat": {
			"version": "2.0.5",
			"dev": true,
			"license": "MIT",
			"engines": {
				"node": ">= 8"
			}
		},
		"node_modules/@nodelib/fs.walk": {
			"version": "1.2.8",
			"dev": true,
			"license": "MIT",
			"dependencies": {
				"@nodelib/fs.scandir": "2.1.5",
				"fastq": "^1.6.0"
			},
			"engines": {
				"node": ">= 8"
			}
		},
		"node_modules/@polka/url": {
			"version": "1.0.0-next.21",
			"dev": true,
			"license": "MIT"
		},
		"node_modules/@sveltejs/adapter-auto": {
			"version": "2.1.0",
			"dev": true,
			"license": "MIT",
			"dependencies": {
				"import-meta-resolve": "^3.0.0"
			},
			"peerDependencies": {
				"@sveltejs/kit": "^1.0.0"
			}
		},
		"node_modules/@sveltejs/adapter-static": {
			"version": "1.0.6",
			"dev": true,
			"license": "MIT",
			"peerDependencies": {
				"@sveltejs/kit": "^1.0.0"
			}
		},
		"node_modules/@sveltejs/kit": {
			"version": "1.27.3",
			"resolved": "https://registry.npmjs.org/@sveltejs/kit/-/kit-1.27.3.tgz",
			"integrity": "sha512-pd7qwX6ww5noA0/FLk45B0aKUeOXWR+pfZsGTrv3dRmj3lTmnki9UTmTdWzHJGrje+BBkGUZHfgGrsSOQQBQpQ==",
			"dev": true,
			"hasInstallScript": true,
			"dependencies": {
				"@sveltejs/vite-plugin-svelte": "^2.4.1",
				"@types/cookie": "^0.5.1",
				"cookie": "^0.5.0",
				"devalue": "^4.3.1",
				"esm-env": "^1.0.0",
				"kleur": "^4.1.5",
				"magic-string": "^0.30.0",
				"mrmime": "^1.0.1",
				"sade": "^1.8.1",
				"set-cookie-parser": "^2.6.0",
				"sirv": "^2.0.2",
				"tiny-glob": "^0.2.9",
				"undici": "~5.26.2"
			},
			"bin": {
				"svelte-kit": "svelte-kit.js"
			},
			"engines": {
				"node": "^16.14 || >=18"
			},
			"peerDependencies": {
				"svelte": "^3.54.0 || ^4.0.0-next.0",
				"vite": "^4.0.0"
			}
		},
		"node_modules/@sveltejs/vite-plugin-svelte": {
			"version": "2.4.1",
			"dev": true,
			"license": "MIT",
			"dependencies": {
				"@sveltejs/vite-plugin-svelte-inspector": "^1.0.2",
				"debug": "^4.3.4",
				"deepmerge": "^4.3.1",
				"kleur": "^4.1.5",
				"magic-string": "^0.30.0",
				"svelte-hmr": "^0.15.1",
				"vitefu": "^0.2.4"
			},
			"engines": {
				"node": "^14.18.0 || >= 16"
			},
			"peerDependencies": {
				"svelte": "^3.54.0 || ^4.0.0-next.0",
				"vite": "^4.0.0"
			}
		},
		"node_modules/@sveltejs/vite-plugin-svelte-inspector": {
			"version": "1.0.2",
			"dev": true,
			"license": "MIT",
			"dependencies": {
				"debug": "^4.3.4"
			},
			"engines": {
				"node": "^14.18.0 || >= 16"
			},
			"peerDependencies": {
				"@sveltejs/vite-plugin-svelte": "^2.2.0",
				"svelte": "^3.54.0 || ^4.0.0-next.0",
				"vite": "^4.0.0"
			}
		},
		"node_modules/@types/cookie": {
			"version": "0.5.1",
			"dev": true,
			"license": "MIT"
		},
		"node_modules/@types/d3": {
			"version": "7.4.2",
			"resolved": "https://registry.npmjs.org/@types/d3/-/d3-7.4.2.tgz",
			"integrity": "sha512-Y4g2Yb30ZJmmtqAJTqMRaqXwRawfvpdpVmyEYEcyGNhrQI/Zvkq3k7yE1tdN07aFSmNBfvmegMQ9Fe2qy9ZMhw==",
			"dev": true,
			"dependencies": {
				"@types/d3-array": "*",
				"@types/d3-axis": "*",
				"@types/d3-brush": "*",
				"@types/d3-chord": "*",
				"@types/d3-color": "*",
				"@types/d3-contour": "*",
				"@types/d3-delaunay": "*",
				"@types/d3-dispatch": "*",
				"@types/d3-drag": "*",
				"@types/d3-dsv": "*",
				"@types/d3-ease": "*",
				"@types/d3-fetch": "*",
				"@types/d3-force": "*",
				"@types/d3-format": "*",
				"@types/d3-geo": "*",
				"@types/d3-hierarchy": "*",
				"@types/d3-interpolate": "*",
				"@types/d3-path": "*",
				"@types/d3-polygon": "*",
				"@types/d3-quadtree": "*",
				"@types/d3-random": "*",
				"@types/d3-scale": "*",
				"@types/d3-scale-chromatic": "*",
				"@types/d3-selection": "*",
				"@types/d3-shape": "*",
				"@types/d3-time": "*",
				"@types/d3-time-format": "*",
				"@types/d3-timer": "*",
				"@types/d3-transition": "*",
				"@types/d3-zoom": "*"
			}
		},
		"node_modules/@types/d3-array": {
			"version": "3.2.0",
			"resolved": "https://registry.npmjs.org/@types/d3-array/-/d3-array-3.2.0.tgz",
			"integrity": "sha512-tjU8juPSfhMnu6mJZPOCVVGba4rZoE0tjHDPb81PYwA8CzbaFscGjgkUM7juUJu6iWA1cCVWNEVwxZ5HN9Jj8Q==",
			"dev": true
		},
		"node_modules/@types/d3-axis": {
			"version": "3.0.5",
			"resolved": "https://registry.npmjs.org/@types/d3-axis/-/d3-axis-3.0.5.tgz",
			"integrity": "sha512-ufDAV3SQzju+uB3Jlty7SUb/jMigjpIlvDDcSGvGmmO6OT/sNO93UE0dRzwWOZeBLzrLSA0CQM4bf3iq1std3A==",
			"dev": true,
			"dependencies": {
				"@types/d3-selection": "*"
			}
		},
		"node_modules/@types/d3-brush": {
			"version": "3.0.5",
			"resolved": "https://registry.npmjs.org/@types/d3-brush/-/d3-brush-3.0.5.tgz",
			"integrity": "sha512-JROQXZNq1X6QdWstESDUv1VilwZ2hBCQnWB91yal+5yZvYwGQvYsGCjrkHGfKK/8/AcX1JnERmpQzdDDuLRUsA==",
			"dev": true,
			"dependencies": {
				"@types/d3-selection": "*"
			}
		},
		"node_modules/@types/d3-chord": {
			"version": "3.0.5",
			"resolved": "https://registry.npmjs.org/@types/d3-chord/-/d3-chord-3.0.5.tgz",
			"integrity": "sha512-rs26AIhJjtc+XLR4YQU8IjPTLOlDVO4PR1y+pVFYEHzKh2tE5tYz3MF4QV6iz7HboXQEaYpJQt8dH9uUkne8yA==",
			"dev": true
		},
		"node_modules/@types/d3-color": {
			"version": "3.1.2",
			"resolved": "https://registry.npmjs.org/@types/d3-color/-/d3-color-3.1.2.tgz",
			"integrity": "sha512-At+Ski7dL8Bs58E8g8vPcFJc8tGcaC12Z4m07+p41+DRqnZQcAlp3NfYjLrhNYv+zEyQitU1CUxXNjqUyf+c0g==",
			"dev": true
		},
		"node_modules/@types/d3-contour": {
			"version": "3.0.5",
			"resolved": "https://registry.npmjs.org/@types/d3-contour/-/d3-contour-3.0.5.tgz",
			"integrity": "sha512-wLvjwdOQVd1NL1IcW90CCt1VtpeZ3V20p/OTXlkT8uAiprrJnq2PNNnRNe1QCez4U9aMU29Z14zpJQVLW1+Lcg==",
			"dev": true,
			"dependencies": {
				"@types/d3-array": "*",
				"@types/geojson": "*"
			}
		},
		"node_modules/@types/d3-delaunay": {
			"version": "6.0.3",
			"resolved": "https://registry.npmjs.org/@types/d3-delaunay/-/d3-delaunay-6.0.3.tgz",
			"integrity": "sha512-+Lf5NPKZ4JBC9tbudVkKceQXRxU3jJs0el9aKQvinMtdnFSOG84eVXyhCNgIFuXNQO3iIcYs7sgzN359FEOZnQ==",
			"dev": true
		},
		"node_modules/@types/d3-dispatch": {
			"version": "3.0.5",
			"resolved": "https://registry.npmjs.org/@types/d3-dispatch/-/d3-dispatch-3.0.5.tgz",
			"integrity": "sha512-hxvq2kc+9hydVppo21JCGfcM0tLTh1DXnG3MLN0KlxsNZJH4bsdl1iXDuWtXFpWWlBrCMwSqlnoLPDxNAZU3Bg==",
			"dev": true
		},
		"node_modules/@types/d3-drag": {
			"version": "3.0.6",
			"resolved": "https://registry.npmjs.org/@types/d3-drag/-/d3-drag-3.0.6.tgz",
			"integrity": "sha512-5ZlIsUSK/xxSbcg7y+Jh5orvmSM3U0bOu/6X3wk3DNgIeWJxRcZrdLDlqqCN22xC66p9zQiQx5emYYTodDlCTg==",
			"dev": true,
			"dependencies": {
				"@types/d3-selection": "*"
			}
		},
		"node_modules/@types/d3-dsv": {
			"version": "3.0.6",
			"resolved": "https://registry.npmjs.org/@types/d3-dsv/-/d3-dsv-3.0.6.tgz",
			"integrity": "sha512-Lx1CROFmWCuP6eBw3Hl00QMt7/NLRMb5jIn0vzogrfQi8cFS5OpqHV7Kfg1Zg9k2q6yQ+601RH+ZC3v1OPrvYQ==",
			"dev": true
		},
		"node_modules/@types/d3-ease": {
			"version": "3.0.1",
			"resolved": "https://registry.npmjs.org/@types/d3-ease/-/d3-ease-3.0.1.tgz",
			"integrity": "sha512-VZofjpEt8HWv3nxUAosj5o/+4JflnJ7Bbv07k17VO3T2WRuzGdZeookfaF60iVh5RdhVG49LE5w6LIshVUC6rg==",
			"dev": true
		},
		"node_modules/@types/d3-fetch": {
			"version": "3.0.6",
			"resolved": "https://registry.npmjs.org/@types/d3-fetch/-/d3-fetch-3.0.6.tgz",
			"integrity": "sha512-pusA8HqnYmj8h5ePCjnRLacF8xgB6il54jD5VxU90ur9/AyQQ3zR3Ib3hqSok9pEUaYXDOJcGK6LWcMF7a7PhA==",
			"dev": true,
			"dependencies": {
				"@types/d3-dsv": "*"
			}
		},
		"node_modules/@types/d3-force": {
			"version": "3.0.8",
			"resolved": "https://registry.npmjs.org/@types/d3-force/-/d3-force-3.0.8.tgz",
			"integrity": "sha512-3oEkLUuUf9a0V/kRiFRbEivtODZ3bKGpUTLMrPr7C5jJlJ/1++/SUsc8rYfi2E8BVNoUSNXm3ABntiIEIuJYwA==",
			"dev": true
		},
		"node_modules/@types/d3-format": {
			"version": "3.0.3",
			"resolved": "https://registry.npmjs.org/@types/d3-format/-/d3-format-3.0.3.tgz",
			"integrity": "sha512-kxuLXSAEJykTeL/EI3tUiEfGqru7PRdqEy099YBnqFl+fF167UVSB4+wntlZv86ZdoYf0DHjsRHnTIm8kcH7qw==",
			"dev": true
		},
		"node_modules/@types/d3-geo": {
			"version": "3.0.7",
			"resolved": "https://registry.npmjs.org/@types/d3-geo/-/d3-geo-3.0.7.tgz",
			"integrity": "sha512-j5I/HcDPe0z8AjUnjpweKtzjx+aTGU8Q6R6jnR4jqVlhHBp82hedaT31HVCEsIatacNtSe12XuibJDCQAP0zRg==",
			"dev": true,
			"dependencies": {
				"@types/geojson": "*"
			}
		},
		"node_modules/@types/d3-hierarchy": {
			"version": "3.1.5",
			"resolved": "https://registry.npmjs.org/@types/d3-hierarchy/-/d3-hierarchy-3.1.5.tgz",
			"integrity": "sha512-DEcBUj1IL3WyPLDlh4m2nsNXnMLITXM5Vwcu4G85yJHtf2cVGPBjgky3L11WBnT+ayHKf06Tchk5mY1eGmd4WQ==",
			"dev": true
		},
		"node_modules/@types/d3-interpolate": {
			"version": "3.0.3",
			"resolved": "https://registry.npmjs.org/@types/d3-interpolate/-/d3-interpolate-3.0.3.tgz",
			"integrity": "sha512-6OZ2EIB4lLj+8cUY7I/Cgn9Q+hLdA4DjJHYOQDiHL0SzqS1K9DL5xIOVBSIHgF+tiuO9MU1D36qvdIvRDRPh+Q==",
			"dev": true,
			"dependencies": {
				"@types/d3-color": "*"
			}
		},
		"node_modules/@types/d3-path": {
			"version": "3.0.1",
			"resolved": "https://registry.npmjs.org/@types/d3-path/-/d3-path-3.0.1.tgz",
			"integrity": "sha512-blRhp7ki7pVznM8k6lk5iUU9paDbVRVq+/xpf0RRgSJn5gr6SE7RcFtxooYGMBOc1RZiGyqRpVdu5AD0z0ooMA==",
			"dev": true
		},
		"node_modules/@types/d3-polygon": {
			"version": "3.0.1",
			"resolved": "https://registry.npmjs.org/@types/d3-polygon/-/d3-polygon-3.0.1.tgz",
			"integrity": "sha512-nrcWPk7B9qs6xnpq60Cls44zm9eDmFAv65qi/N/emh/oftnG6uYz49aIS0mdFaGeJxVN8H3pHneMuZMV8EwFdw==",
			"dev": true
		},
		"node_modules/@types/d3-quadtree": {
			"version": "3.0.4",
			"resolved": "https://registry.npmjs.org/@types/d3-quadtree/-/d3-quadtree-3.0.4.tgz",
			"integrity": "sha512-B725MopFDIOQ6njFbeOxIEf42HVO2Xv+FmcxQISdOKErvLbFqWz3Riu+OWujUYoogreqqyHBHcGGL/JzzXQYsw==",
			"dev": true
		},
		"node_modules/@types/d3-random": {
			"version": "3.0.2",
			"resolved": "https://registry.npmjs.org/@types/d3-random/-/d3-random-3.0.2.tgz",
			"integrity": "sha512-8QhsqkKs6mymAZMrg3ZFXPxKA34rdgp3ZrtB8o6mhFsKAd1gOvR1gocWnca+kmXypQdwgnzKm9gZE2Uw8NjjKw==",
			"dev": true
		},
		"node_modules/@types/d3-scale": {
			"version": "4.0.7",
			"resolved": "https://registry.npmjs.org/@types/d3-scale/-/d3-scale-4.0.7.tgz",
			"integrity": "sha512-/YEbMIOtqSFSELqUT8desdT3a7iybPkSQiIx/wN4CZ/5b7wrCvmyXWELTMUYB10k0N5rzHVu4f/OkhulG1b3Lw==",
			"dev": true,
			"dependencies": {
				"@types/d3-time": "*"
			}
		},
		"node_modules/@types/d3-scale-chromatic": {
			"version": "3.0.1",
			"resolved": "https://registry.npmjs.org/@types/d3-scale-chromatic/-/d3-scale-chromatic-3.0.1.tgz",
			"integrity": "sha512-Ob7OrwiTeQXY/WBBbRHGZBOn6rH1h7y3jjpTSKYqDEeqFjktql6k2XSgNwLrLDmAsXhEn8P9NHDY4VTuo0ZY1w==",
			"dev": true
		},
		"node_modules/@types/d3-selection": {
			"version": "3.0.9",
			"resolved": "https://registry.npmjs.org/@types/d3-selection/-/d3-selection-3.0.9.tgz",
			"integrity": "sha512-kpej1+FX3sdL6E3f5R2eySrTVYSRh8OSOWKgEtElTM0ajxOparPf2H6mc32CPJ7aey2NErwenSy/CgNrUvZp0g==",
			"dev": true
		},
		"node_modules/@types/d3-shape": {
			"version": "3.1.4",
			"resolved": "https://registry.npmjs.org/@types/d3-shape/-/d3-shape-3.1.4.tgz",
			"integrity": "sha512-M2/xsWPsjaZc5ifMKp1EBp0gqJG0eO/zlldJNOC85Y/5DGsBQ49gDkRJ2h5GY7ZVD6KUumvZWsylSbvTaJTqKg==",
			"dev": true,
			"dependencies": {
				"@types/d3-path": "*"
			}
		},
		"node_modules/@types/d3-time": {
			"version": "3.0.2",
			"resolved": "https://registry.npmjs.org/@types/d3-time/-/d3-time-3.0.2.tgz",
			"integrity": "sha512-kbdRXTmUgNfw5OTE3KZnFQn6XdIc4QGroN5UixgdrXATmYsdlPQS6pEut9tVlIojtzuFD4txs/L+Rq41AHtLpg==",
			"dev": true
		},
		"node_modules/@types/d3-time-format": {
			"version": "4.0.2",
			"resolved": "https://registry.npmjs.org/@types/d3-time-format/-/d3-time-format-4.0.2.tgz",
			"integrity": "sha512-wr08C1Gh77qaN8JIkrn5Rz/bdt5M9bdEqFmEOcYhUSq2t2sHvLTBfb4XAtGB3D4hm0ubj50NXWWXoXyp5tPXDg==",
			"dev": true
		},
		"node_modules/@types/d3-timer": {
			"version": "3.0.1",
			"resolved": "https://registry.npmjs.org/@types/d3-timer/-/d3-timer-3.0.1.tgz",
			"integrity": "sha512-GGTvzKccVEhxmRfJEB6zhY9ieT4UhGVUIQaBzFpUO9OXy2ycAlnPCSJLzmGGgqt3KVjqN3QCQB4g1rsZnHsWhg==",
			"dev": true
		},
		"node_modules/@types/d3-transition": {
			"version": "3.0.7",
			"resolved": "https://registry.npmjs.org/@types/d3-transition/-/d3-transition-3.0.7.tgz",
			"integrity": "sha512-WY4/HKVWU9Nce8u3szfQVeu0vC9HiB0t80zen2lJza6sE3JZPGTd5omwkUU2PVaosieUgbiGsHx45fZ5ylXO8Q==",
			"dev": true,
			"dependencies": {
				"@types/d3-selection": "*"
			}
		},
		"node_modules/@types/d3-zoom": {
			"version": "3.0.7",
			"resolved": "https://registry.npmjs.org/@types/d3-zoom/-/d3-zoom-3.0.7.tgz",
			"integrity": "sha512-CXmqq+sFP5GUHzZvni6lgYCrI35FJq39bbzYBqbuaQ8Q4DnQX9l45bkRQxyrqZDuUqg8m/vWoOyg1lOO+wdCRg==",
			"dev": true,
			"dependencies": {
				"@types/d3-interpolate": "*",
				"@types/d3-selection": "*"
			}
		},
		"node_modules/@types/geojson": {
			"version": "7946.0.12",
			"resolved": "https://registry.npmjs.org/@types/geojson/-/geojson-7946.0.12.tgz",
			"integrity": "sha512-uK2z1ZHJyC0nQRbuovXFt4mzXDwf27vQeUWNhfKGwRcWW429GOhP8HxUHlM6TLH4bzmlv/HlEjpvJh3JfmGsAA==",
			"dev": true
		},
		"node_modules/@types/pug": {
			"version": "2.0.6",
			"dev": true,
			"license": "MIT"
		},
		"node_modules/anymatch": {
			"version": "3.1.3",
			"dev": true,
			"license": "ISC",
			"dependencies": {
				"normalize-path": "^3.0.0",
				"picomatch": "^2.0.4"
			},
			"engines": {
				"node": ">= 8"
			}
		},
		"node_modules/balanced-match": {
			"version": "1.0.2",
			"dev": true,
			"license": "MIT"
		},
		"node_modules/binary-extensions": {
			"version": "2.2.0",
			"dev": true,
			"license": "MIT",
			"engines": {
				"node": ">=8"
			}
		},
		"node_modules/brace-expansion": {
			"version": "1.1.11",
			"dev": true,
			"license": "MIT",
			"dependencies": {
				"balanced-match": "^1.0.0",
				"concat-map": "0.0.1"
			}
		},
		"node_modules/braces": {
			"version": "3.0.2",
			"dev": true,
			"license": "MIT",
			"dependencies": {
				"fill-range": "^7.0.1"
			},
			"engines": {
				"node": ">=8"
			}
		},
		"node_modules/buffer-crc32": {
			"version": "0.2.13",
			"dev": true,
			"license": "MIT",
			"engines": {
				"node": "*"
			}
		},
		"node_modules/callsites": {
			"version": "3.1.0",
			"dev": true,
			"license": "MIT",
			"engines": {
				"node": ">=6"
			}
		},
		"node_modules/chart.js": {
			"version": "4.4.0",
			"resolved": "https://registry.npmjs.org/chart.js/-/chart.js-4.4.0.tgz",
			"integrity": "sha512-vQEj6d+z0dcsKLlQvbKIMYFHd3t8W/7L2vfJIbYcfyPcRx92CsHqECpueN8qVGNlKyDcr5wBrYAYKnfu/9Q1hQ==",
			"dependencies": {
				"@kurkle/color": "^0.3.0"
			},
			"engines": {
				"pnpm": ">=7"
			}
		},
		"node_modules/chokidar": {
			"version": "3.5.3",
			"dev": true,
			"funding": [
				{
					"type": "individual",
					"url": "https://paulmillr.com/funding/"
				}
			],
			"license": "MIT",
			"dependencies": {
				"anymatch": "~3.1.2",
				"braces": "~3.0.2",
				"glob-parent": "~5.1.2",
				"is-binary-path": "~2.1.0",
				"is-glob": "~4.0.1",
				"normalize-path": "~3.0.0",
				"readdirp": "~3.6.0"
			},
			"engines": {
				"node": ">= 8.10.0"
			},
			"optionalDependencies": {
				"fsevents": "~2.3.2"
			}
		},
		"node_modules/commander": {
			"version": "7.2.0",
			"license": "MIT",
			"engines": {
				"node": ">= 10"
			}
		},
		"node_modules/concat-map": {
			"version": "0.0.1",
			"dev": true,
			"license": "MIT"
		},
		"node_modules/cookie": {
			"version": "0.5.0",
			"dev": true,
			"license": "MIT",
			"engines": {
				"node": ">= 0.6"
			}
		},
		"node_modules/d3": {
			"version": "7.8.5",
			"resolved": "https://registry.npmjs.org/d3/-/d3-7.8.5.tgz",
			"integrity": "sha512-JgoahDG51ncUfJu6wX/1vWQEqOflgXyl4MaHqlcSruTez7yhaRKR9i8VjjcQGeS2en/jnFivXuaIMnseMMt0XA==",
			"dependencies": {
				"d3-array": "3",
				"d3-axis": "3",
				"d3-brush": "3",
				"d3-chord": "3",
				"d3-color": "3",
				"d3-contour": "4",
				"d3-delaunay": "6",
				"d3-dispatch": "3",
				"d3-drag": "3",
				"d3-dsv": "3",
				"d3-ease": "3",
				"d3-fetch": "3",
				"d3-force": "3",
				"d3-format": "3",
				"d3-geo": "3",
				"d3-hierarchy": "3",
				"d3-interpolate": "3",
				"d3-path": "3",
				"d3-polygon": "3",
				"d3-quadtree": "3",
				"d3-random": "3",
				"d3-scale": "4",
				"d3-scale-chromatic": "3",
				"d3-selection": "3",
				"d3-shape": "3",
				"d3-time": "3",
				"d3-time-format": "4",
				"d3-timer": "3",
				"d3-transition": "3",
				"d3-zoom": "3"
			},
			"engines": {
				"node": ">=12"
			}
		},
		"node_modules/d3-array": {
			"version": "3.2.4",
			"license": "ISC",
			"dependencies": {
				"internmap": "1 - 2"
			},
			"engines": {
				"node": ">=12"
			}
		},
		"node_modules/d3-axis": {
			"version": "3.0.0",
			"license": "ISC",
			"engines": {
				"node": ">=12"
			}
		},
		"node_modules/d3-brush": {
			"version": "3.0.0",
			"license": "ISC",
			"dependencies": {
				"d3-dispatch": "1 - 3",
				"d3-drag": "2 - 3",
				"d3-interpolate": "1 - 3",
				"d3-selection": "3",
				"d3-transition": "3"
			},
			"engines": {
				"node": ">=12"
			}
		},
		"node_modules/d3-chord": {
			"version": "3.0.1",
			"license": "ISC",
			"dependencies": {
				"d3-path": "1 - 3"
			},
			"engines": {
				"node": ">=12"
			}
		},
		"node_modules/d3-color": {
			"version": "3.1.0",
			"license": "ISC",
			"engines": {
				"node": ">=12"
			}
		},
		"node_modules/d3-contour": {
			"version": "4.0.2",
			"license": "ISC",
			"dependencies": {
				"d3-array": "^3.2.0"
			},
			"engines": {
				"node": ">=12"
			}
		},
		"node_modules/d3-delaunay": {
			"version": "6.0.4",
			"license": "ISC",
			"dependencies": {
				"delaunator": "5"
			},
			"engines": {
				"node": ">=12"
			}
		},
		"node_modules/d3-dispatch": {
			"version": "3.0.1",
			"license": "ISC",
			"engines": {
				"node": ">=12"
			}
		},
		"node_modules/d3-drag": {
			"version": "3.0.0",
			"license": "ISC",
			"dependencies": {
				"d3-dispatch": "1 - 3",
				"d3-selection": "3"
			},
			"engines": {
				"node": ">=12"
			}
		},
		"node_modules/d3-dsv": {
			"version": "3.0.1",
			"license": "ISC",
			"dependencies": {
				"commander": "7",
				"iconv-lite": "0.6",
				"rw": "1"
			},
			"bin": {
				"csv2json": "bin/dsv2json.js",
				"csv2tsv": "bin/dsv2dsv.js",
				"dsv2dsv": "bin/dsv2dsv.js",
				"dsv2json": "bin/dsv2json.js",
				"json2csv": "bin/json2dsv.js",
				"json2dsv": "bin/json2dsv.js",
				"json2tsv": "bin/json2dsv.js",
				"tsv2csv": "bin/dsv2dsv.js",
				"tsv2json": "bin/dsv2json.js"
			},
			"engines": {
				"node": ">=12"
			}
		},
		"node_modules/d3-ease": {
			"version": "3.0.1",
			"license": "BSD-3-Clause",
			"engines": {
				"node": ">=12"
			}
		},
		"node_modules/d3-fetch": {
			"version": "3.0.1",
			"license": "ISC",
			"dependencies": {
				"d3-dsv": "1 - 3"
			},
			"engines": {
				"node": ">=12"
			}
		},
		"node_modules/d3-force": {
			"version": "3.0.0",
			"license": "ISC",
			"dependencies": {
				"d3-dispatch": "1 - 3",
				"d3-quadtree": "1 - 3",
				"d3-timer": "1 - 3"
			},
			"engines": {
				"node": ">=12"
			}
		},
		"node_modules/d3-format": {
			"version": "3.1.0",
			"license": "ISC",
			"engines": {
				"node": ">=12"
			}
		},
		"node_modules/d3-geo": {
			"version": "3.1.0",
			"license": "ISC",
			"dependencies": {
				"d3-array": "2.5.0 - 3"
			},
			"engines": {
				"node": ">=12"
			}
		},
		"node_modules/d3-hierarchy": {
			"version": "3.1.2",
			"license": "ISC",
			"engines": {
				"node": ">=12"
			}
		},
		"node_modules/d3-interpolate": {
			"version": "3.0.1",
			"license": "ISC",
			"dependencies": {
				"d3-color": "1 - 3"
			},
			"engines": {
				"node": ">=12"
			}
		},
		"node_modules/d3-path": {
			"version": "3.1.0",
			"license": "ISC",
			"engines": {
				"node": ">=12"
			}
		},
		"node_modules/d3-polygon": {
			"version": "3.0.1",
			"license": "ISC",
			"engines": {
				"node": ">=12"
			}
		},
		"node_modules/d3-quadtree": {
			"version": "3.0.1",
			"license": "ISC",
			"engines": {
				"node": ">=12"
			}
		},
		"node_modules/d3-random": {
			"version": "3.0.1",
			"license": "ISC",
			"engines": {
				"node": ">=12"
			}
		},
		"node_modules/d3-scale": {
			"version": "4.0.2",
			"license": "ISC",
			"dependencies": {
				"d3-array": "2.10.0 - 3",
				"d3-format": "1 - 3",
				"d3-interpolate": "1.2.0 - 3",
				"d3-time": "2.1.1 - 3",
				"d3-time-format": "2 - 4"
			},
			"engines": {
				"node": ">=12"
			}
		},
		"node_modules/d3-scale-chromatic": {
			"version": "3.0.0",
			"license": "ISC",
			"dependencies": {
				"d3-color": "1 - 3",
				"d3-interpolate": "1 - 3"
			},
			"engines": {
				"node": ">=12"
			}
		},
		"node_modules/d3-selection": {
			"version": "3.0.0",
			"license": "ISC",
			"engines": {
				"node": ">=12"
			}
		},
		"node_modules/d3-shape": {
			"version": "3.2.0",
			"license": "ISC",
			"dependencies": {
				"d3-path": "^3.1.0"
			},
			"engines": {
				"node": ">=12"
			}
		},
		"node_modules/d3-time": {
			"version": "3.1.0",
			"license": "ISC",
			"dependencies": {
				"d3-array": "2 - 3"
			},
			"engines": {
				"node": ">=12"
			}
		},
		"node_modules/d3-time-format": {
			"version": "4.1.0",
			"license": "ISC",
			"dependencies": {
				"d3-time": "1 - 3"
			},
			"engines": {
				"node": ">=12"
			}
		},
		"node_modules/d3-timer": {
			"version": "3.0.1",
			"license": "ISC",
			"engines": {
				"node": ">=12"
			}
		},
		"node_modules/d3-transition": {
			"version": "3.0.1",
			"license": "ISC",
			"dependencies": {
				"d3-color": "1 - 3",
				"d3-dispatch": "1 - 3",
				"d3-ease": "1 - 3",
				"d3-interpolate": "1 - 3",
				"d3-timer": "1 - 3"
			},
			"engines": {
				"node": ">=12"
			},
			"peerDependencies": {
				"d3-selection": "2 - 3"
			}
		},
		"node_modules/d3-zoom": {
			"version": "3.0.0",
			"license": "ISC",
			"dependencies": {
				"d3-dispatch": "1 - 3",
				"d3-drag": "2 - 3",
				"d3-interpolate": "1 - 3",
				"d3-selection": "2 - 3",
				"d3-transition": "2 - 3"
			},
			"engines": {
				"node": ">=12"
			}
		},
		"node_modules/debug": {
			"version": "4.3.4",
			"dev": true,
			"license": "MIT",
			"dependencies": {
				"ms": "2.1.2"
			},
			"engines": {
				"node": ">=6.0"
			},
			"peerDependenciesMeta": {
				"supports-color": {
					"optional": true
				}
			}
		},
		"node_modules/deepmerge": {
			"version": "4.3.1",
			"dev": true,
			"license": "MIT",
			"engines": {
				"node": ">=0.10.0"
			}
		},
		"node_modules/delaunator": {
			"version": "5.0.0",
			"license": "ISC",
			"dependencies": {
				"robust-predicates": "^3.0.0"
			}
		},
		"node_modules/detect-indent": {
			"version": "6.1.0",
			"dev": true,
			"license": "MIT",
			"engines": {
				"node": ">=8"
			}
		},
		"node_modules/devalue": {
			"version": "4.3.2",
			"dev": true,
			"license": "MIT"
		},
		"node_modules/es6-promise": {
			"version": "3.3.1",
			"dev": true,
			"license": "MIT"
		},
		"node_modules/esbuild": {
			"version": "0.17.19",
			"dev": true,
			"hasInstallScript": true,
			"license": "MIT",
			"bin": {
				"esbuild": "bin/esbuild"
			},
			"engines": {
				"node": ">=12"
			},
			"optionalDependencies": {
				"@esbuild/android-arm": "0.17.19",
				"@esbuild/android-arm64": "0.17.19",
				"@esbuild/android-x64": "0.17.19",
				"@esbuild/darwin-arm64": "0.17.19",
				"@esbuild/darwin-x64": "0.17.19",
				"@esbuild/freebsd-arm64": "0.17.19",
				"@esbuild/freebsd-x64": "0.17.19",
				"@esbuild/linux-arm": "0.17.19",
				"@esbuild/linux-arm64": "0.17.19",
				"@esbuild/linux-ia32": "0.17.19",
				"@esbuild/linux-loong64": "0.17.19",
				"@esbuild/linux-mips64el": "0.17.19",
				"@esbuild/linux-ppc64": "0.17.19",
				"@esbuild/linux-riscv64": "0.17.19",
				"@esbuild/linux-s390x": "0.17.19",
				"@esbuild/linux-x64": "0.17.19",
				"@esbuild/netbsd-x64": "0.17.19",
				"@esbuild/openbsd-x64": "0.17.19",
				"@esbuild/sunos-x64": "0.17.19",
				"@esbuild/win32-arm64": "0.17.19",
				"@esbuild/win32-ia32": "0.17.19",
				"@esbuild/win32-x64": "0.17.19"
			}
		},
		"node_modules/esm-env": {
			"version": "1.0.0",
			"dev": true,
			"license": "MIT"
		},
		"node_modules/fast-glob": {
			"version": "3.2.12",
			"dev": true,
			"license": "MIT",
			"dependencies": {
				"@nodelib/fs.stat": "^2.0.2",
				"@nodelib/fs.walk": "^1.2.3",
				"glob-parent": "^5.1.2",
				"merge2": "^1.3.0",
				"micromatch": "^4.0.4"
			},
			"engines": {
				"node": ">=8.6.0"
			}
		},
		"node_modules/fastq": {
			"version": "1.15.0",
			"dev": true,
			"license": "ISC",
			"dependencies": {
				"reusify": "^1.0.4"
			}
		},
		"node_modules/fill-range": {
			"version": "7.0.1",
			"dev": true,
			"license": "MIT",
			"dependencies": {
				"to-regex-range": "^5.0.1"
			},
			"engines": {
				"node": ">=8"
			}
		},
		"node_modules/fs.realpath": {
			"version": "1.0.0",
			"dev": true,
			"license": "ISC"
		},
		"node_modules/glob": {
			"version": "7.2.3",
			"dev": true,
			"license": "ISC",
			"dependencies": {
				"fs.realpath": "^1.0.0",
				"inflight": "^1.0.4",
				"inherits": "2",
				"minimatch": "^3.1.1",
				"once": "^1.3.0",
				"path-is-absolute": "^1.0.0"
			},
			"engines": {
				"node": "*"
			},
			"funding": {
				"url": "https://github.com/sponsors/isaacs"
			}
		},
		"node_modules/glob-parent": {
			"version": "5.1.2",
			"dev": true,
			"license": "ISC",
			"dependencies": {
				"is-glob": "^4.0.1"
			},
			"engines": {
				"node": ">= 6"
			}
		},
		"node_modules/globalyzer": {
			"version": "0.1.0",
			"dev": true,
			"license": "MIT"
		},
		"node_modules/globrex": {
			"version": "0.1.2",
			"dev": true,
			"license": "MIT"
		},
		"node_modules/graceful-fs": {
			"version": "4.2.11",
			"dev": true,
			"license": "ISC"
		},
		"node_modules/iconv-lite": {
			"version": "0.6.3",
			"license": "MIT",
			"dependencies": {
				"safer-buffer": ">= 2.1.2 < 3.0.0"
			},
			"engines": {
				"node": ">=0.10.0"
			}
		},
		"node_modules/import-fresh": {
			"version": "3.3.0",
			"dev": true,
			"license": "MIT",
			"dependencies": {
				"parent-module": "^1.0.0",
				"resolve-from": "^4.0.0"
			},
			"engines": {
				"node": ">=6"
			},
			"funding": {
				"url": "https://github.com/sponsors/sindresorhus"
			}
		},
		"node_modules/import-meta-resolve": {
			"version": "3.0.0",
			"dev": true,
			"license": "MIT",
			"funding": {
				"type": "github",
				"url": "https://github.com/sponsors/wooorm"
			}
		},
		"node_modules/inflight": {
			"version": "1.0.6",
			"dev": true,
			"license": "ISC",
			"dependencies": {
				"once": "^1.3.0",
				"wrappy": "1"
			}
		},
		"node_modules/inherits": {
			"version": "2.0.4",
			"dev": true,
			"license": "ISC"
		},
		"node_modules/internmap": {
			"version": "2.0.3",
			"license": "ISC",
			"engines": {
				"node": ">=12"
			}
		},
		"node_modules/is-binary-path": {
			"version": "2.1.0",
			"dev": true,
			"license": "MIT",
			"dependencies": {
				"binary-extensions": "^2.0.0"
			},
			"engines": {
				"node": ">=8"
			}
		},
		"node_modules/is-extglob": {
			"version": "2.1.1",
			"dev": true,
			"license": "MIT",
			"engines": {
				"node": ">=0.10.0"
			}
		},
		"node_modules/is-glob": {
			"version": "4.0.3",
			"dev": true,
			"license": "MIT",
			"dependencies": {
				"is-extglob": "^2.1.1"
			},
			"engines": {
				"node": ">=0.10.0"
			}
		},
		"node_modules/is-number": {
			"version": "7.0.0",
			"dev": true,
			"license": "MIT",
			"engines": {
				"node": ">=0.12.0"
			}
		},
		"node_modules/kleur": {
			"version": "4.1.5",
			"dev": true,
			"license": "MIT",
			"engines": {
				"node": ">=6"
			}
		},
		"node_modules/magic-string": {
			"version": "0.30.0",
			"dev": true,
			"license": "MIT",
			"dependencies": {
				"@jridgewell/sourcemap-codec": "^1.4.13"
			},
			"engines": {
				"node": ">=12"
			}
		},
		"node_modules/merge2": {
			"version": "1.4.1",
			"dev": true,
			"license": "MIT",
			"engines": {
				"node": ">= 8"
			}
		},
		"node_modules/micromatch": {
			"version": "4.0.5",
			"dev": true,
			"license": "MIT",
			"dependencies": {
				"braces": "^3.0.2",
				"picomatch": "^2.3.1"
			},
			"engines": {
				"node": ">=8.6"
			}
		},
		"node_modules/min-indent": {
			"version": "1.0.1",
			"dev": true,
			"license": "MIT",
			"engines": {
				"node": ">=4"
			}
		},
		"node_modules/minimatch": {
			"version": "3.1.2",
			"dev": true,
			"license": "ISC",
			"dependencies": {
				"brace-expansion": "^1.1.7"
			},
			"engines": {
				"node": "*"
			}
		},
		"node_modules/minimist": {
			"version": "1.2.8",
			"dev": true,
			"license": "MIT",
			"funding": {
				"url": "https://github.com/sponsors/ljharb"
			}
		},
		"node_modules/mkdirp": {
			"version": "0.5.6",
			"dev": true,
			"license": "MIT",
			"dependencies": {
				"minimist": "^1.2.6"
			},
			"bin": {
				"mkdirp": "bin/cmd.js"
			}
		},
		"node_modules/mri": {
			"version": "1.2.0",
			"dev": true,
			"license": "MIT",
			"engines": {
				"node": ">=4"
			}
		},
		"node_modules/mrmime": {
			"version": "1.0.1",
			"dev": true,
			"license": "MIT",
			"engines": {
				"node": ">=10"
			}
		},
		"node_modules/ms": {
			"version": "2.1.2",
			"dev": true,
			"license": "MIT"
		},
		"node_modules/nanoid": {
			"version": "3.3.6",
			"dev": true,
			"funding": [
				{
					"type": "github",
					"url": "https://github.com/sponsors/ai"
				}
			],
			"license": "MIT",
			"bin": {
				"nanoid": "bin/nanoid.cjs"
			},
			"engines": {
				"node": "^10 || ^12 || ^13.7 || ^14 || >=15.0.1"
			}
		},
		"node_modules/normalize-path": {
			"version": "3.0.0",
			"dev": true,
			"license": "MIT",
			"engines": {
				"node": ">=0.10.0"
			}
		},
		"node_modules/once": {
			"version": "1.4.0",
			"dev": true,
			"license": "ISC",
			"dependencies": {
				"wrappy": "1"
			}
		},
		"node_modules/parent-module": {
			"version": "1.0.1",
			"dev": true,
			"license": "MIT",
			"dependencies": {
				"callsites": "^3.0.0"
			},
			"engines": {
				"node": ">=6"
			}
		},
		"node_modules/path-is-absolute": {
			"version": "1.0.1",
			"dev": true,
			"license": "MIT",
			"engines": {
				"node": ">=0.10.0"
			}
		},
		"node_modules/picocolors": {
			"version": "1.0.0",
			"dev": true,
			"license": "ISC"
		},
		"node_modules/picomatch": {
			"version": "2.3.1",
			"dev": true,
			"license": "MIT",
			"engines": {
				"node": ">=8.6"
			},
			"funding": {
				"url": "https://github.com/sponsors/jonschlinkert"
			}
		},
		"node_modules/postcss": {
			"version": "8.4.31",
			"dev": true,
			"funding": [
				{
					"type": "opencollective",
					"url": "https://opencollective.com/postcss/"
				},
				{
					"type": "tidelift",
					"url": "https://tidelift.com/funding/github/npm/postcss"
				},
				{
					"type": "github",
					"url": "https://github.com/sponsors/ai"
				}
			],
			"license": "MIT",
			"dependencies": {
				"nanoid": "^3.3.6",
				"picocolors": "^1.0.0",
				"source-map-js": "^1.0.2"
			},
			"engines": {
				"node": "^10 || ^12 || >=14"
			}
		},
		"node_modules/queue-microtask": {
			"version": "1.2.3",
			"dev": true,
			"funding": [
				{
					"type": "github",
					"url": "https://github.com/sponsors/feross"
				},
				{
					"type": "patreon",
					"url": "https://www.patreon.com/feross"
				},
				{
					"type": "consulting",
					"url": "https://feross.org/support"
				}
			],
			"license": "MIT"
		},
		"node_modules/readdirp": {
			"version": "3.6.0",
			"dev": true,
			"license": "MIT",
			"dependencies": {
				"picomatch": "^2.2.1"
			},
			"engines": {
				"node": ">=8.10.0"
			}
		},
		"node_modules/resolve-from": {
			"version": "4.0.0",
			"dev": true,
			"license": "MIT",
			"engines": {
				"node": ">=4"
			}
		},
		"node_modules/reusify": {
			"version": "1.0.4",
			"dev": true,
			"license": "MIT",
			"engines": {
				"iojs": ">=1.0.0",
				"node": ">=0.10.0"
			}
		},
		"node_modules/rimraf": {
			"version": "2.7.1",
			"dev": true,
			"license": "ISC",
			"dependencies": {
				"glob": "^7.1.3"
			},
			"bin": {
				"rimraf": "bin.js"
			}
		},
		"node_modules/robust-predicates": {
			"version": "3.0.2",
			"license": "Unlicense"
		},
		"node_modules/rollup": {
			"version": "3.23.0",
			"dev": true,
			"license": "MIT",
			"bin": {
				"rollup": "dist/bin/rollup"
			},
			"engines": {
				"node": ">=14.18.0",
				"npm": ">=8.0.0"
			},
			"optionalDependencies": {
				"fsevents": "~2.3.2"
			}
		},
		"node_modules/run-parallel": {
			"version": "1.2.0",
			"dev": true,
			"funding": [
				{
					"type": "github",
					"url": "https://github.com/sponsors/feross"
				},
				{
					"type": "patreon",
					"url": "https://www.patreon.com/feross"
				},
				{
					"type": "consulting",
					"url": "https://feross.org/support"
				}
			],
			"license": "MIT",
			"dependencies": {
				"queue-microtask": "^1.2.2"
			}
		},
		"node_modules/rw": {
			"version": "1.3.3",
			"license": "BSD-3-Clause"
		},
		"node_modules/sade": {
			"version": "1.8.1",
			"dev": true,
			"license": "MIT",
			"dependencies": {
				"mri": "^1.1.0"
			},
			"engines": {
				"node": ">=6"
			}
		},
		"node_modules/safer-buffer": {
			"version": "2.1.2",
			"license": "MIT"
		},
		"node_modules/sander": {
			"version": "0.5.1",
			"dev": true,
			"license": "MIT",
			"dependencies": {
				"es6-promise": "^3.1.2",
				"graceful-fs": "^4.1.3",
				"mkdirp": "^0.5.1",
				"rimraf": "^2.5.2"
			}
		},
		"node_modules/save-dev": {
			"version": "0.0.1-security",
			"resolved": "https://registry.npmjs.org/save-dev/-/save-dev-0.0.1-security.tgz",
			"integrity": "sha512-k6knZTDNK8PKKbIqnvxiOveJinuw2LcQjqDoaorZWP9M5AR2EPsnpDeSbeoZZ0pHr5ze1uoaKdK8NBGQrJ34Uw=="
		},
		"node_modules/set-cookie-parser": {
			"version": "2.6.0",
			"dev": true,
			"license": "MIT"
		},
		"node_modules/simple-statistics": {
			"version": "7.8.3",
			"license": "ISC",
			"engines": {
				"node": "*"
			}
		},
		"node_modules/sirv": {
			"version": "2.0.3",
			"dev": true,
			"license": "MIT",
			"dependencies": {
				"@polka/url": "^1.0.0-next.20",
				"mrmime": "^1.0.0",
				"totalist": "^3.0.0"
			},
			"engines": {
				"node": ">= 10"
			}
		},
		"node_modules/sorcery": {
			"version": "0.11.0",
			"dev": true,
			"license": "MIT",
			"dependencies": {
				"@jridgewell/sourcemap-codec": "^1.4.14",
				"buffer-crc32": "^0.2.5",
				"minimist": "^1.2.0",
				"sander": "^0.5.0"
			},
			"bin": {
				"sorcery": "bin/sorcery"
			}
		},
		"node_modules/source-map-js": {
			"version": "1.0.2",
			"dev": true,
			"license": "BSD-3-Clause",
			"engines": {
				"node": ">=0.10.0"
			}
		},
		"node_modules/strip-indent": {
			"version": "3.0.0",
			"dev": true,
			"license": "MIT",
			"dependencies": {
				"min-indent": "^1.0.0"
			},
			"engines": {
				"node": ">=8"
			}
		},
		"node_modules/svelte": {
			"version": "3.59.1",
			"dev": true,
			"license": "MIT",
			"engines": {
				"node": ">= 8"
			}
		},
		"node_modules/svelte-check": {
			"version": "3.4.3",
			"dev": true,
			"license": "MIT",
			"dependencies": {
				"@jridgewell/trace-mapping": "^0.3.17",
				"chokidar": "^3.4.1",
				"fast-glob": "^3.2.7",
				"import-fresh": "^3.2.1",
				"picocolors": "^1.0.0",
				"sade": "^1.7.4",
				"svelte-preprocess": "^5.0.3",
				"typescript": "^5.0.3"
			},
			"bin": {
				"svelte-check": "bin/svelte-check"
			},
			"peerDependencies": {
				"svelte": "^3.55.0 || ^4.0.0-next.0 || ^4.0.0"
			}
		},
		"node_modules/svelte-hmr": {
			"version": "0.15.2",
			"dev": true,
			"license": "ISC",
			"engines": {
				"node": "^12.20 || ^14.13.1 || >= 16"
			},
			"peerDependencies": {
				"svelte": "^3.19.0 || ^4.0.0-next.0"
			}
		},
		"node_modules/svelte-preprocess": {
			"version": "5.0.4",
			"dev": true,
			"hasInstallScript": true,
			"license": "MIT",
			"dependencies": {
				"@types/pug": "^2.0.6",
				"detect-indent": "^6.1.0",
				"magic-string": "^0.27.0",
				"sorcery": "^0.11.0",
				"strip-indent": "^3.0.0"
			},
			"engines": {
				"node": ">= 14.10.0"
			},
			"peerDependencies": {
				"@babel/core": "^7.10.2",
				"coffeescript": "^2.5.1",
				"less": "^3.11.3 || ^4.0.0",
				"postcss": "^7 || ^8",
				"postcss-load-config": "^2.1.0 || ^3.0.0 || ^4.0.0",
				"pug": "^3.0.0",
				"sass": "^1.26.8",
				"stylus": "^0.55.0",
				"sugarss": "^2.0.0 || ^3.0.0 || ^4.0.0",
				"svelte": "^3.23.0 || ^4.0.0-next.0 || ^4.0.0",
				"typescript": ">=3.9.5 || ^4.0.0 || ^5.0.0"
			},
			"peerDependenciesMeta": {
				"@babel/core": {
					"optional": true
				},
				"coffeescript": {
					"optional": true
				},
				"less": {
					"optional": true
				},
				"postcss": {
					"optional": true
				},
				"postcss-load-config": {
					"optional": true
				},
				"pug": {
					"optional": true
				},
				"sass": {
					"optional": true
				},
				"stylus": {
					"optional": true
				},
				"sugarss": {
					"optional": true
				},
				"typescript": {
					"optional": true
				}
			}
		},
		"node_modules/svelte-preprocess/node_modules/magic-string": {
			"version": "0.27.0",
			"dev": true,
			"license": "MIT",
			"dependencies": {
				"@jridgewell/sourcemap-codec": "^1.4.13"
			},
			"engines": {
				"node": ">=12"
			}
		},
		"node_modules/tiny-glob": {
			"version": "0.2.9",
			"dev": true,
			"license": "MIT",
			"dependencies": {
				"globalyzer": "0.1.0",
				"globrex": "^0.1.2"
			}
		},
		"node_modules/to-regex-range": {
			"version": "5.0.1",
			"dev": true,
			"license": "MIT",
			"dependencies": {
				"is-number": "^7.0.0"
			},
			"engines": {
				"node": ">=8.0"
			}
		},
		"node_modules/totalist": {
			"version": "3.0.1",
			"dev": true,
			"license": "MIT",
			"engines": {
				"node": ">=6"
			}
		},
		"node_modules/tslib": {
			"version": "2.5.2",
			"dev": true,
			"license": "0BSD"
		},
		"node_modules/typescript": {
			"version": "5.0.4",
			"dev": true,
			"license": "Apache-2.0",
			"bin": {
				"tsc": "bin/tsc",
				"tsserver": "bin/tsserver"
			},
			"engines": {
				"node": ">=12.20"
			}
		},
		"node_modules/undici": {
			"version": "5.26.5",
			"resolved": "https://registry.npmjs.org/undici/-/undici-5.26.5.tgz",
			"integrity": "sha512-cSb4bPFd5qgR7qr2jYAi0hlX9n5YKK2ONKkLFkxl+v/9BvC0sOpZjBHDBSXc5lWAf5ty9oZdRXytBIHzgUcerw==",
			"dev": true,
			"dependencies": {
				"@fastify/busboy": "^2.0.0"
			},
			"engines": {
				"node": ">=14.0"
			}
		},
		"node_modules/vite": {
			"version": "4.3.9",
			"dev": true,
			"license": "MIT",
			"dependencies": {
				"esbuild": "^0.17.5",
				"postcss": "^8.4.23",
				"rollup": "^3.21.0"
			},
			"bin": {
				"vite": "bin/vite.js"
			},
			"engines": {
				"node": "^14.18.0 || >=16.0.0"
			},
			"optionalDependencies": {
				"fsevents": "~2.3.2"
			},
			"peerDependencies": {
				"@types/node": ">= 14",
				"less": "*",
				"sass": "*",
				"stylus": "*",
				"sugarss": "*",
				"terser": "^5.4.0"
			},
			"peerDependenciesMeta": {
				"@types/node": {
					"optional": true
				},
				"less": {
					"optional": true
				},
				"sass": {
					"optional": true
				},
				"stylus": {
					"optional": true
				},
				"sugarss": {
					"optional": true
				},
				"terser": {
					"optional": true
				}
			}
		},
		"node_modules/vitefu": {
			"version": "0.2.4",
			"dev": true,
			"license": "MIT",
			"peerDependencies": {
				"vite": "^3.0.0 || ^4.0.0"
			},
			"peerDependenciesMeta": {
				"vite": {
					"optional": true
				}
			}
		},
		"node_modules/wrappy": {
			"version": "1.0.2",
			"dev": true,
			"license": "ISC"
		}
	}
}
